// !$*UTF8*$!
{
	archiveVersion = 1;
	classes = {
	};
	objectVersion = 46;
	objects = {

/* Begin PBXBuildFile section */
		AC2297601AC4208200D45AA2 /* Foundation.framework in Frameworks */ = {isa = PBXBuildFile; fileRef = AC22975F1AC4208200D45AA2 /* Foundation.framework */; };
		AC2297621AC4208200D45AA2 /* CoreGraphics.framework in Frameworks */ = {isa = PBXBuildFile; fileRef = AC2297611AC4208200D45AA2 /* CoreGraphics.framework */; };
		AC2297641AC4208200D45AA2 /* UIKit.framework in Frameworks */ = {isa = PBXBuildFile; fileRef = AC2297631AC4208200D45AA2 /* UIKit.framework */; };
		AC22976A1AC4208200D45AA2 /* InfoPlist.strings in Resources */ = {isa = PBXBuildFile; fileRef = AC2297681AC4208200D45AA2 /* InfoPlist.strings */; };
		AC22976C1AC4208200D45AA2 /* main.m in Sources */ = {isa = PBXBuildFile; fileRef = AC22976B1AC4208200D45AA2 /* main.m */; };
		AC2297701AC4208200D45AA2 /* AppDelegate.m in Sources */ = {isa = PBXBuildFile; fileRef = AC22976F1AC4208200D45AA2 /* AppDelegate.m */; };
		AC2297731AC4208200D45AA2 /* Main_iPhone.storyboard in Resources */ = {isa = PBXBuildFile; fileRef = AC2297711AC4208200D45AA2 /* Main_iPhone.storyboard */; };
		AC2297761AC4208200D45AA2 /* Main_iPad.storyboard in Resources */ = {isa = PBXBuildFile; fileRef = AC2297741AC4208200D45AA2 /* Main_iPad.storyboard */; };
		AC2297791AC4208200D45AA2 /* ViewController.m in Sources */ = {isa = PBXBuildFile; fileRef = AC2297781AC4208200D45AA2 /* ViewController.m */; };
		AC22977B1AC4208200D45AA2 /* Images.xcassets in Resources */ = {isa = PBXBuildFile; fileRef = AC22977A1AC4208200D45AA2 /* Images.xcassets */; };
		AC2297821AC4208200D45AA2 /* XCTest.framework in Frameworks */ = {isa = PBXBuildFile; fileRef = AC2297811AC4208200D45AA2 /* XCTest.framework */; };
		AC2297831AC4208200D45AA2 /* Foundation.framework in Frameworks */ = {isa = PBXBuildFile; fileRef = AC22975F1AC4208200D45AA2 /* Foundation.framework */; };
		AC2297841AC4208200D45AA2 /* UIKit.framework in Frameworks */ = {isa = PBXBuildFile; fileRef = AC2297631AC4208200D45AA2 /* UIKit.framework */; };
		AC22978C1AC4208200D45AA2 /* InfoPlist.strings in Resources */ = {isa = PBXBuildFile; fileRef = AC22978A1AC4208200D45AA2 /* InfoPlist.strings */; };
		AC22978E1AC4208200D45AA2 /* DemoForPracticalTests.m in Sources */ = {isa = PBXBuildFile; fileRef = AC22978D1AC4208200D45AA2 /* DemoForPracticalTests.m */; };
		AC2297991AC4291200D45AA2 /* Singleton.m in Sources */ = {isa = PBXBuildFile; fileRef = AC2297981AC4291200D45AA2 /* Singleton.m */; };
		AC59828A1AC43301001D2333 /* Reachability.m in Sources */ = {isa = PBXBuildFile; fileRef = AC5982891AC43301001D2333 /* Reachability.m */; };
/* End PBXBuildFile section */

/* Begin PBXContainerItemProxy section */
		AC2297851AC4208200D45AA2 /* PBXContainerItemProxy */ = {
			isa = PBXContainerItemProxy;
			containerPortal = AC2297541AC4208200D45AA2 /* Project object */;
			proxyType = 1;
			remoteGlobalIDString = AC22975B1AC4208200D45AA2;
			remoteInfo = DemoForPractical;
		};
/* End PBXContainerItemProxy section */

/* Begin PBXFileReference section */
		AC22975C1AC4208200D45AA2 /* DemoForPractical.app */ = {isa = PBXFileReference; explicitFileType = wrapper.application; includeInIndex = 0; path = DemoForPractical.app; sourceTree = BUILT_PRODUCTS_DIR; };
		AC22975F1AC4208200D45AA2 /* Foundation.framework */ = {isa = PBXFileReference; lastKnownFileType = wrapper.framework; name = Foundation.framework; path = System/Library/Frameworks/Foundation.framework; sourceTree = SDKROOT; };
		AC2297611AC4208200D45AA2 /* CoreGraphics.framework */ = {isa = PBXFileReference; lastKnownFileType = wrapper.framework; name = CoreGraphics.framework; path = System/Library/Frameworks/CoreGraphics.framework; sourceTree = SDKROOT; };
		AC2297631AC4208200D45AA2 /* UIKit.framework */ = {isa = PBXFileReference; lastKnownFileType = wrapper.framework; name = UIKit.framework; path = System/Library/Frameworks/UIKit.framework; sourceTree = SDKROOT; };
		AC2297671AC4208200D45AA2 /* DemoForPractical-Info.plist */ = {isa = PBXFileReference; lastKnownFileType = text.plist.xml; path = "DemoForPractical-Info.plist"; sourceTree = "<group>"; };
		AC2297691AC4208200D45AA2 /* en */ = {isa = PBXFileReference; lastKnownFileType = text.plist.strings; name = en; path = en.lproj/InfoPlist.strings; sourceTree = "<group>"; };
		AC22976B1AC4208200D45AA2 /* main.m */ = {isa = PBXFileReference; lastKnownFileType = sourcecode.c.objc; path = main.m; sourceTree = "<group>"; };
		AC22976D1AC4208200D45AA2 /* DemoForPractical-Prefix.pch */ = {isa = PBXFileReference; lastKnownFileType = sourcecode.c.h; path = "DemoForPractical-Prefix.pch"; sourceTree = "<group>"; };
		AC22976E1AC4208200D45AA2 /* AppDelegate.h */ = {isa = PBXFileReference; lastKnownFileType = sourcecode.c.h; path = AppDelegate.h; sourceTree = "<group>"; };
		AC22976F1AC4208200D45AA2 /* AppDelegate.m */ = {isa = PBXFileReference; lastKnownFileType = sourcecode.c.objc; path = AppDelegate.m; sourceTree = "<group>"; };
		AC2297721AC4208200D45AA2 /* Base */ = {isa = PBXFileReference; lastKnownFileType = file.storyboard; name = Base; path = Base.lproj/Main_iPhone.storyboard; sourceTree = "<group>"; };
		AC2297751AC4208200D45AA2 /* Base */ = {isa = PBXFileReference; lastKnownFileType = file.storyboard; name = Base; path = Base.lproj/Main_iPad.storyboard; sourceTree = "<group>"; };
		AC2297771AC4208200D45AA2 /* ViewController.h */ = {isa = PBXFileReference; lastKnownFileType = sourcecode.c.h; path = ViewController.h; sourceTree = "<group>"; };
		AC2297781AC4208200D45AA2 /* ViewController.m */ = {isa = PBXFileReference; lastKnownFileType = sourcecode.c.objc; path = ViewController.m; sourceTree = "<group>"; };
		AC22977A1AC4208200D45AA2 /* Images.xcassets */ = {isa = PBXFileReference; lastKnownFileType = folder.assetcatalog; path = Images.xcassets; sourceTree = "<group>"; };
		AC2297801AC4208200D45AA2 /* DemoForPracticalTests.xctest */ = {isa = PBXFileReference; explicitFileType = wrapper.cfbundle; includeInIndex = 0; path = DemoForPracticalTests.xctest; sourceTree = BUILT_PRODUCTS_DIR; };
		AC2297811AC4208200D45AA2 /* XCTest.framework */ = {isa = PBXFileReference; lastKnownFileType = wrapper.framework; name = XCTest.framework; path = Library/Frameworks/XCTest.framework; sourceTree = DEVELOPER_DIR; };
		AC2297891AC4208200D45AA2 /* DemoForPracticalTests-Info.plist */ = {isa = PBXFileReference; lastKnownFileType = text.plist.xml; path = "DemoForPracticalTests-Info.plist"; sourceTree = "<group>"; };
		AC22978B1AC4208200D45AA2 /* en */ = {isa = PBXFileReference; lastKnownFileType = text.plist.strings; name = en; path = en.lproj/InfoPlist.strings; sourceTree = "<group>"; };
		AC22978D1AC4208200D45AA2 /* DemoForPracticalTests.m */ = {isa = PBXFileReference; lastKnownFileType = sourcecode.c.objc; path = DemoForPracticalTests.m; sourceTree = "<group>"; };
		AC2297971AC4291200D45AA2 /* Singleton.h */ = {isa = PBXFileReference; fileEncoding = 4; lastKnownFileType = sourcecode.c.h; path = Singleton.h; sourceTree = "<group>"; };
		AC2297981AC4291200D45AA2 /* Singleton.m */ = {isa = PBXFileReference; fileEncoding = 4; lastKnownFileType = sourcecode.c.objc; path = Singleton.m; sourceTree = "<group>"; };
		AC5982871AC43301001D2333 /* Global .h */ = {isa = PBXFileReference; fileEncoding = 4; lastKnownFileType = sourcecode.c.h; path = "Global .h"; sourceTree = "<group>"; };
		AC5982881AC43301001D2333 /* Reachability.h */ = {isa = PBXFileReference; fileEncoding = 4; lastKnownFileType = sourcecode.c.h; path = Reachability.h; sourceTree = "<group>"; };
		AC5982891AC43301001D2333 /* Reachability.m */ = {isa = PBXFileReference; fileEncoding = 4; lastKnownFileType = sourcecode.c.objc; path = Reachability.m; sourceTree = "<group>"; };
/* End PBXFileReference section */

/* Begin PBXFrameworksBuildPhase section */
		AC2297591AC4208200D45AA2 /* Frameworks */ = {
			isa = PBXFrameworksBuildPhase;
			buildActionMask = 2147483647;
			files = (
				AC2297621AC4208200D45AA2 /* CoreGraphics.framework in Frameworks */,
				AC2297641AC4208200D45AA2 /* UIKit.framework in Frameworks */,
				AC2297601AC4208200D45AA2 /* Foundation.framework in Frameworks */,
			);
			runOnlyForDeploymentPostprocessing = 0;
		};
		AC22977D1AC4208200D45AA2 /* Frameworks */ = {
			isa = PBXFrameworksBuildPhase;
			buildActionMask = 2147483647;
			files = (
				AC2297821AC4208200D45AA2 /* XCTest.framework in Frameworks */,
				AC2297841AC4208200D45AA2 /* UIKit.framework in Frameworks */,
				AC2297831AC4208200D45AA2 /* Foundation.framework in Frameworks */,
			);
			runOnlyForDeploymentPostprocessing = 0;
		};
/* End PBXFrameworksBuildPhase section */

/* Begin PBXGroup section */
		AC2297531AC4208200D45AA2 = {
			isa = PBXGroup;
			children = (
				AC2297651AC4208200D45AA2 /* DemoForPractical */,
				AC2297871AC4208200D45AA2 /* DemoForPracticalTests */,
				AC22975E1AC4208200D45AA2 /* Frameworks */,
				AC22975D1AC4208200D45AA2 /* Products */,
			);
			sourceTree = "<group>";
		};
		AC22975D1AC4208200D45AA2 /* Products */ = {
			isa = PBXGroup;
			children = (
				AC22975C1AC4208200D45AA2 /* DemoForPractical.app */,
				AC2297801AC4208200D45AA2 /* DemoForPracticalTests.xctest */,
			);
			name = Products;
			sourceTree = "<group>";
		};
		AC22975E1AC4208200D45AA2 /* Frameworks */ = {
			isa = PBXGroup;
			children = (
				AC22975F1AC4208200D45AA2 /* Foundation.framework */,
				AC2297611AC4208200D45AA2 /* CoreGraphics.framework */,
				AC2297631AC4208200D45AA2 /* UIKit.framework */,
				AC2297811AC4208200D45AA2 /* XCTest.framework */,
			);
			name = Frameworks;
			sourceTree = "<group>";
		};
		AC2297651AC4208200D45AA2 /* DemoForPractical */ = {
			isa = PBXGroup;
			children = (
				AC5982871AC43301001D2333 /* Global .h */,
				AC5982881AC43301001D2333 /* Reachability.h */,
				AC5982891AC43301001D2333 /* Reachability.m */,
				AC22976E1AC4208200D45AA2 /* AppDelegate.h */,
				AC22976F1AC4208200D45AA2 /* AppDelegate.m */,
				AC2297711AC4208200D45AA2 /* Main_iPhone.storyboard */,
				AC2297741AC4208200D45AA2 /* Main_iPad.storyboard */,
				AC2297771AC4208200D45AA2 /* ViewController.h */,
				AC2297781AC4208200D45AA2 /* ViewController.m */,
				AC22977A1AC4208200D45AA2 /* Images.xcassets */,
				AC2297661AC4208200D45AA2 /* Supporting Files */,
				AC2297971AC4291200D45AA2 /* Singleton.h */,
				AC2297981AC4291200D45AA2 /* Singleton.m */,
			);
			path = DemoForPractical;
			sourceTree = "<group>";
		};
		AC2297661AC4208200D45AA2 /* Supporting Files */ = {
			isa = PBXGroup;
			children = (
				AC2297671AC4208200D45AA2 /* DemoForPractical-Info.plist */,
				AC2297681AC4208200D45AA2 /* InfoPlist.strings */,
				AC22976B1AC4208200D45AA2 /* main.m */,
				AC22976D1AC4208200D45AA2 /* DemoForPractical-Prefix.pch */,
			);
			name = "Supporting Files";
			sourceTree = "<group>";
		};
		AC2297871AC4208200D45AA2 /* DemoForPracticalTests */ = {
			isa = PBXGroup;
			children = (
				AC22978D1AC4208200D45AA2 /* DemoForPracticalTests.m */,
				AC2297881AC4208200D45AA2 /* Supporting Files */,
			);
			path = DemoForPracticalTests;
			sourceTree = "<group>";
		};
		AC2297881AC4208200D45AA2 /* Supporting Files */ = {
			isa = PBXGroup;
			children = (
				AC2297891AC4208200D45AA2 /* DemoForPracticalTests-Info.plist */,
				AC22978A1AC4208200D45AA2 /* InfoPlist.strings */,
			);
			name = "Supporting Files";
			sourceTree = "<group>";
		};
/* End PBXGroup section */

/* Begin PBXNativeTarget section */
		AC22975B1AC4208200D45AA2 /* DemoForPractical */ = {
			isa = PBXNativeTarget;
			buildConfigurationList = AC2297911AC4208200D45AA2 /* Build configuration list for PBXNativeTarget "DemoForPractical" */;
			buildPhases = (
				AC2297581AC4208200D45AA2 /* Sources */,
				AC2297591AC4208200D45AA2 /* Frameworks */,
				AC22975A1AC4208200D45AA2 /* Resources */,
			);
			buildRules = (
			);
			dependencies = (
			);
			name = DemoForPractical;
			productName = DemoForPractical;
			productReference = AC22975C1AC4208200D45AA2 /* DemoForPractical.app */;
			productType = "com.apple.product-type.application";
		};
		AC22977F1AC4208200D45AA2 /* DemoForPracticalTests */ = {
			isa = PBXNativeTarget;
			buildConfigurationList = AC2297941AC4208200D45AA2 /* Build configuration list for PBXNativeTarget "DemoForPracticalTests" */;
			buildPhases = (
				AC22977C1AC4208200D45AA2 /* Sources */,
				AC22977D1AC4208200D45AA2 /* Frameworks */,
				AC22977E1AC4208200D45AA2 /* Resources */,
			);
			buildRules = (
			);
			dependencies = (
				AC2297861AC4208200D45AA2 /* PBXTargetDependency */,
			);
			name = DemoForPracticalTests;
			productName = DemoForPracticalTests;
			productReference = AC2297801AC4208200D45AA2 /* DemoForPracticalTests.xctest */;
			productType = "com.apple.product-type.bundle.unit-test";
		};
/* End PBXNativeTarget section */

/* Begin PBXProject section */
		AC2297541AC4208200D45AA2 /* Project object */ = {
			isa = PBXProject;
			attributes = {
				LastUpgradeCheck = 0510;
				ORGANIZATIONNAME = "Jalpa Dhaval Sodha Parmar";
				TargetAttributes = {
					AC22977F1AC4208200D45AA2 = {
						TestTargetID = AC22975B1AC4208200D45AA2;
					};
				};
			};
			buildConfigurationList = AC2297571AC4208200D45AA2 /* Build configuration list for PBXProject "DemoForPractical" */;
			compatibilityVersion = "Xcode 3.2";
			developmentRegion = English;
			hasScannedForEncodings = 0;
			knownRegions = (
				en,
				Base,
			);
			mainGroup = AC2297531AC4208200D45AA2;
			productRefGroup = AC22975D1AC4208200D45AA2 /* Products */;
			projectDirPath = "";
			projectRoot = "";
			targets = (
				AC22975B1AC4208200D45AA2 /* DemoForPractical */,
				AC22977F1AC4208200D45AA2 /* DemoForPracticalTests */,
			);
		};
/* End PBXProject section */

/* Begin PBXResourcesBuildPhase section */
		AC22975A1AC4208200D45AA2 /* Resources */ = {
			isa = PBXResourcesBuildPhase;
			buildActionMask = 2147483647;
			files = (
				AC2297761AC4208200D45AA2 /* Main_iPad.storyboard in Resources */,
				AC22977B1AC4208200D45AA2 /* Images.xcassets in Resources */,
				AC2297731AC4208200D45AA2 /* Main_iPhone.storyboard in Resources */,
				AC22976A1AC4208200D45AA2 /* InfoPlist.strings in Resources */,
			);
			runOnlyForDeploymentPostprocessing = 0;
		};
		AC22977E1AC4208200D45AA2 /* Resources */ = {
			isa = PBXResourcesBuildPhase;
			buildActionMask = 2147483647;
			files = (
				AC22978C1AC4208200D45AA2 /* InfoPlist.strings in Resources */,
			);
			runOnlyForDeploymentPostprocessing = 0;
		};
/* End PBXResourcesBuildPhase section */

/* Begin PBXSourcesBuildPhase section */
		AC2297581AC4208200D45AA2 /* Sources */ = {
			isa = PBXSourcesBuildPhase;
			buildActionMask = 2147483647;
			files = (
				AC2297791AC4208200D45AA2 /* ViewController.m in Sources */,
				AC2297991AC4291200D45AA2 /* Singleton.m in Sources */,
				AC2297701AC4208200D45AA2 /* AppDelegate.m in Sources */,
				AC22976C1AC4208200D45AA2 /* main.m in Sources */,
				AC59828A1AC43301001D2333 /* Reachability.m in Sources */,
			);
			runOnlyForDeploymentPostprocessing = 0;
		};
		AC22977C1AC4208200D45AA2 /* Sources */ = {
			isa = PBXSourcesBuildPhase;
			buildActionMask = 2147483647;
			files = (
				AC22978E1AC4208200D45AA2 /* DemoForPracticalTests.m in Sources */,
			);
			runOnlyForDeploymentPostprocessing = 0;
		};
/* End PBXSourcesBuildPhase section */

/* Begin PBXTargetDependency section */
		AC2297861AC4208200D45AA2 /* PBXTargetDependency */ = {
			isa = PBXTargetDependency;
			target = AC22975B1AC4208200D45AA2 /* DemoForPractical */;
			targetProxy = AC2297851AC4208200D45AA2 /* PBXContainerItemProxy */;
		};
/* End PBXTargetDependency section */

/* Begin PBXVariantGroup section */
		AC2297681AC4208200D45AA2 /* InfoPlist.strings */ = {
			isa = PBXVariantGroup;
			children = (
				AC2297691AC4208200D45AA2 /* en */,
			);
			name = InfoPlist.strings;
			sourceTree = "<group>";
		};
		AC2297711AC4208200D45AA2 /* Main_iPhone.storyboard */ = {
			isa = PBXVariantGroup;
			children = (
				AC2297721AC4208200D45AA2 /* Base */,
			);
			name = Main_iPhone.storyboard;
			sourceTree = "<group>";
		};
		AC2297741AC4208200D45AA2 /* Main_iPad.storyboard */ = {
			isa = PBXVariantGroup;
			children = (
				AC2297751AC4208200D45AA2 /* Base */,
			);
			name = Main_iPad.storyboard;
			sourceTree = "<group>";
		};
		AC22978A1AC4208200D45AA2 /* InfoPlist.strings */ = {
			isa = PBXVariantGroup;
			children = (
				AC22978B1AC4208200D45AA2 /* en */,
			);
			name = InfoPlist.strings;
			sourceTree = "<group>";
		};
/* End PBXVariantGroup section */

/* Begin XCBuildConfiguration section */
		AC22978F1AC4208200D45AA2 /* Debug */ = {
			isa = XCBuildConfiguration;
			buildSettings = {
				ALWAYS_SEARCH_USER_PATHS = NO;
				CLANG_CXX_LANGUAGE_STANDARD = "gnu++0x";
				CLANG_CXX_LIBRARY = "libc++";
				CLANG_ENABLE_MODULES = YES;
				CLANG_ENABLE_OBJC_ARC = YES;
				CLANG_WARN_BOOL_CONVERSION = YES;
				CLANG_WARN_CONSTANT_CONVERSION = YES;
				CLANG_WARN_DIRECT_OBJC_ISA_USAGE = YES_ERROR;
				CLANG_WARN_EMPTY_BODY = YES;
				CLANG_WARN_ENUM_CONVERSION = YES;
				CLANG_WARN_INT_CONVERSION = YES;
				CLANG_WARN_OBJC_ROOT_CLASS = YES_ERROR;
				CLANG_WARN__DUPLICATE_METHOD_MATCH = YES;
				"CODE_SIGN_IDENTITY[sdk=iphoneos*]" = "iPhone Developer";
				COPY_PHASE_STRIP = NO;
				GCC_C_LANGUAGE_STANDARD = gnu99;
				GCC_DYNAMIC_NO_PIC = NO;
				GCC_OPTIMIZATION_LEVEL = 0;
				GCC_PREPROCESSOR_DEFINITIONS = (
					"DEBUG=1",
					"$(inherited)",
				);
				GCC_SYMBOLS_PRIVATE_EXTERN = NO;
				GCC_WARN_64_TO_32_BIT_CONVERSION = YES;
				GCC_WARN_ABOUT_RETURN_TYPE = YES_ERROR;
				GCC_WARN_UNDECLARED_SELECTOR = YES;
				GCC_WARN_UNINITIALIZED_AUTOS = YES_AGGRESSIVE;
				GCC_WARN_UNUSED_FUNCTION = YES;
				GCC_WARN_UNUSED_VARIABLE = YES;
				IPHONEOS_DEPLOYMENT_TARGET = 7.1;
				ONLY_ACTIVE_ARCH = YES;
				SDKROOT = iphoneos;
				TARGETED_DEVICE_FAMILY = "1,2";
			};
			name = Debug;
		};
		AC2297901AC4208200D45AA2 /* Release */ = {
			isa = XCBuildConfiguration;
			buildSettings = {
				ALWAYS_SEARCH_USER_PATHS = NO;
				CLANG_CXX_LANGUAGE_STANDARD = "gnu++0x";
				CLANG_CXX_LIBRARY = "libc++";
				CLANG_ENABLE_MODULES = YES;
				CLANG_ENABLE_OBJC_ARC = YES;
				CLANG_WARN_BOOL_CONVERSION = YES;
				CLANG_WARN_CONSTANT_CONVERSION = YES;
				CLANG_WARN_DIRECT_OBJC_ISA_USAGE = YES_ERROR;
				CLANG_WARN_EMPTY_BODY = YES;
				CLANG_WARN_ENUM_CONVERSION = YES;
				CLANG_WARN_INT_CONVERSION = YES;
				CLANG_WARN_OBJC_ROOT_CLASS = YES_ERROR;
				CLANG_WARN__DUPLICATE_METHOD_MATCH = YES;
				"CODE_SIGN_IDENTITY[sdk=iphoneos*]" = "iPhone Developer";
				COPY_PHASE_STRIP = YES;
				ENABLE_NS_ASSERTIONS = NO;
				GCC_C_LANGUAGE_STANDARD = gnu99;
				GCC_WARN_64_TO_32_BIT_CONVERSION = YES;
				GCC_WARN_ABOUT_RETURN_TYPE = YES_ERROR;
				GCC_WARN_UNDECLARED_SELECTOR = YES;
				GCC_WARN_UNINITIALIZED_AUTOS = YES_AGGRESSIVE;
				GCC_WARN_UNUSED_FUNCTION = YES;
				GCC_WARN_UNUSED_VARIABLE = YES;
				IPHONEOS_DEPLOYMENT_TARGET = 7.1;
				SDKROOT = iphoneos;
				TARGETED_DEVICE_FAMILY = "1,2";
				VALIDATE_PRODUCT = YES;
			};
			name = Release;
		};
		AC2297921AC4208200D45AA2 /* Debug */ = {
			isa = XCBuildConfiguration;
			buildSettings = {
				ASSETCATALOG_COMPILER_APPICON_NAME = AppIcon;
				ASSETCATALOG_COMPILER_LAUNCHIMAGE_NAME = LaunchImage;
				CODE_SIGN_IDENTITY = "iPhone Developer";
				GCC_PRECOMPILE_PREFIX_HEADER = YES;
				GCC_PREFIX_HEADER = "DemoForPractical/DemoForPractical-Prefix.pch";
				INFOPLIST_FILE = "DemoForPractical/DemoForPractical-Info.plist";
				PRODUCT_NAME = "$(TARGET_NAME)";
				WRAPPER_EXTENSION = app;
			};
			name = Debug;
		};
		AC2297931AC4208200D45AA2 /* Release */ = {
			isa = XCBuildConfiguration;
			buildSettings = {
				ASSETCATALOG_COMPILER_APPICON_NAME = AppIcon;
				ASSETCATALOG_COMPILER_LAUNCHIMAGE_NAME = LaunchImage;
				CODE_SIGN_IDENTITY = "iPhone Developer";
				"CODE_SIGN_IDENTITY[sdk=iphoneos*]" = "iPhone Developer";
				GCC_PRECOMPILE_PREFIX_HEADER = YES;
				GCC_PREFIX_HEADER = "DemoForPractical/DemoForPractical-Prefix.pch";
				INFOPLIST_FILE = "DemoForPractical/DemoForPractical-Info.plist";
				PRODUCT_NAME = "$(TARGET_NAME)";
				WRAPPER_EXTENSION = app;
			};
			name = Release;
		};
		AC2297951AC4208200D45AA2 /* Debug */ = {
			isa = XCBuildConfiguration;
			buildSettings = {
				BUNDLE_LOADER = "$(BUILT_PRODUCTS_DIR)/DemoForPractical.app/DemoForPractical";
				FRAMEWORK_SEARCH_PATHS = (
					"$(SDKROOT)/Developer/Library/Frameworks",
					"$(inherited)",
					"$(DEVELOPER_FRAMEWORKS_DIR)",
				);
				GCC_PRECOMPILE_PREFIX_HEADER = YES;
				GCC_PREFIX_HEADER = "DemoForPractical/DemoForPractical-Prefix.pch";
				GCC_PREPROCESSOR_DEFINITIONS = (
					"DEBUG=1",
					"$(inherited)",
				);
				INFOPLIST_FILE = "DemoForPracticalTests/DemoForPracticalTests-Info.plist";
				PRODUCT_NAME = "$(TARGET_NAME)";
				TEST_HOST = "$(BUNDLE_LOADER)";
				WRAPPER_EXTENSION = xctest;
			};
			name = Debug;
		};
		AC2297961AC4208200D45AA2 /* Release */ = {
			isa = XCBuildConfiguration;
			buildSettings = {
				BUNDLE_LOADER = "$(BUILT_PRODUCTS_DIR)/DemoForPractical.app/DemoForPractical";
				FRAMEWORK_SEARCH_PATHS = (
					"$(SDKROOT)/Developer/Library/Frameworks",
					"$(inherited)",
					"$(DEVELOPER_FRAMEWORKS_DIR)",
				);
				GCC_PRECOMPILE_PREFIX_HEADER = YES;
				GCC_PREFIX_HEADER = "DemoForPractical/DemoForPractical-Prefix.pch";
				INFOPLIST_FILE = "DemoForPracticalTests/DemoForPracticalTests-Info.plist";
				PRODUCT_NAME = "$(TARGET_NAME)";
				TEST_HOST = "$(BUNDLE_LOADER)";
				WRAPPER_EXTENSION = xctest;
			};
			name = Release;
		};
/* End XCBuildConfiguration section */

/* Begin XCConfigurationList section */
		AC2297571AC4208200D45AA2 /* Build configuration list for PBXProject "DemoForPractical" */ = {
			isa = XCConfigurationList;
			buildConfigurations = (
				AC22978F1AC4208200D45AA2 /* Debug */,
				AC2297901AC4208200D45AA2 /* Release */,
			);
			defaultConfigurationIsVisible = 0;
			defaultConfigurationName = Release;
		};
		AC2297911AC4208200D45AA2 /* Build configuration list for PBXNativeTarget "DemoForPractical" */ = {
			isa = XCConfigurationList;
			buildConfigurations = (
				AC2297921AC4208200D45AA2 /* Debug */,
				AC2297931AC4208200D45AA2 /* Release */,
			);
			defaultConfigurationIsVisible = 0;
			defaultConfigurationName = Release;
		};
		AC2297941AC4208200D45AA2 /* Build configuration list for PBXNativeTarget "DemoForPracticalTests" */ = {
			isa = XCConfigurationList;
			buildConfigurations = (
				AC2297951AC4208200D45AA2 /* Debug */,
				AC2297961AC4208200D45AA2 /* Release */,
			);
			defaultConfigurationIsVisible = 0;
			defaultConfigurationName = Release;
		};
/* End XCConfigurationList section */
	};
	rootObject = AC2297541AC4208200D45AA2 /* Project object */;
}
